PODS:
  - Alamofire (5.6.1)
  - CountryList (1.1)
  - CreditCardViewSwift (1.0.4):
    - SkyFloatingLabelTextField (~> 3.0)
  - GoogleMaps (6.2.1):
    - GoogleMaps/Maps (= 6.2.1)
  - GoogleMaps/Base (6.2.1)
  - GoogleMaps/Maps (6.2.1):
    - GoogleMaps/Base
  - GooglePlaces (6.2.1)
  - IQKeyboardManager (6.5.10)
  - Loaf (0.7.0)
  - MBProgressHUD (1.2.0)
  - MBRadioCheckboxButton (2.0)
  - ObjectMapper (4.2.0)
  - OneSignalXCFramework (3.12.4):
    - OneSignalXCFramework/OneSignalCore (= 3.12.4)
    - OneSignalXCFramework/OneSignalExtension (= 3.12.4)
    - OneSignalXCFramework/OneSignalOutcomes (= 3.12.4)
  - OneSignalXCFramework/OneSignalCore (3.12.4)
  - OneSignalXCFramework/OneSignalExtension (3.12.4):
    - OneSignalXCFramework/OneSignalCore
    - OneSignalXCFramework/OneSignalOutcomes
  - OneSignalXCFramework/OneSignalOutcomes (3.12.4):
    - OneSignalXCFramework/OneSignalCore
  - PhoneNumberKit (3.3.4):
    - PhoneNumberKit/PhoneNumberKitCore (= 3.3.4)
    - PhoneNumberKit/UIKit (= 3.3.4)
  - PhoneNumberKit/PhoneNumberKitCore (3.3.4)
  - PhoneNumberKit/UIKit (3.3.4):
    - PhoneNumberKit/PhoneNumberKitCore
  - SDWebImage (5.12.6):
    - SDWebImage/Core (= 5.12.6)
  - SDWebImage/Core (5.12.6)
  - SkyFloatingLabelTextField (3.8.0)
  - Stripe (23.2.0):
    - StripeApplePay (= 23.2.0)
    - StripeCore (= 23.2.0)
    - StripePayments (= 23.2.0)
    - StripePaymentsUI (= 23.2.0)
    - StripeUICore (= 23.2.0)
  - StripeApplePay (23.2.0):
    - StripeCore (= 23.2.0)
  - StripeCore (23.2.0)
  - StripePayments (23.2.0):
    - StripeCore (= 23.2.0)
    - StripePayments/Stripe3DS2 (= 23.2.0)
  - StripePayments/Stripe3DS2 (23.2.0):
    - StripeCore (= 23.2.0)
  - StripePaymentsUI (23.2.0):
    - StripeCore (= 23.2.0)
    - StripePayments (= 23.2.0)
    - StripeUICore (= 23.2.0)
  - StripeUICore (23.2.0):
    - StripeCore (= 23.2.0)
  - SVPinView (1.0.11)
  - SwiftyJSON (5.0.1)

DEPENDENCIES:
  - Alamofire
  - CountryList
  - CreditCardViewSwift (~> 1.0)
  - GoogleMaps (= 6.2.1)
  - GooglePlaces
  - IQKeyboardManager
  - Loaf
  - MBProgressHUD
  - MBRadioCheckboxButton
  - ObjectMapper
  - OneSignalXCFramework (< 4.0, >= 3.0.0)
  - PhoneNumberKit
  - SDWebImage
  - Stripe
  - SVPinView
  - SwiftyJSON

SPEC REPOS:
  trunk:
    - Alamofire
    - CountryList
    - CreditCardViewSwift
    - GoogleMaps
    - GooglePlaces
    - IQKeyboardManager
    - Loaf
    - MBProgressHUD
    - MBRadioCheckboxButton
    - ObjectMapper
    - OneSignalXCFramework
    - PhoneNumberKit
    - SDWebImage
    - SkyFloatingLabelTextField
    - Stripe
    - StripeApplePay
    - StripeCore
    - StripePayments
    - StripePaymentsUI
    - StripeUICore
    - SVPinView
    - SwiftyJSON

SPEC CHECKSUMS:
  Alamofire: 87bd8c952f9a4454320fce00d9cc3de57bcadaf5
  CountryList: ad58cd670c4ecab6bb014abebc12e63f619174b2
  CreditCardViewSwift: 0d44b13e5b5851e7b89565d6a70cf456029f9881
  GoogleMaps: 20d7b12be49a14287f797e88e0e31bc4156aaeb4
  GooglePlaces: 94974aa119573d5acc2a35a699948dac838abd73
  IQKeyboardManager: 45a1fa55c1a5b02c61ac0fd7fd5b62bb4ad20d97
  Loaf: d69937cd00649f3fa260beb8b7aef0a1feb861ef
  MBProgressHUD: 3ee5efcc380f6a79a7cc9b363dd669c5e1ae7406
  MBRadioCheckboxButton: 6e2a2cdc441e292e45b64c4e65eb8fc1fc05eef2
  ObjectMapper: 1eb41f610210777375fa806bf161dc39fb832b81
  OneSignalXCFramework: 087934ab0d4d7445fcf1c015c7c782359e26c020
  PhoneNumberKit: 441e8b26ec88d598e3591de9061eff18f5dd12e8
  SDWebImage: a47aea9e3d8816015db4e523daff50cfd294499d
  SkyFloatingLabelTextField: 5a338412114808e961fe2d14ea2c5452c8b6e4aa
  Stripe: cc895392856dc7f401119a612e31f020b97cb8d1
  StripeApplePay: 7e43d6b4b9f18e922ba683e549f199a4f6db6fde
  StripeCore: 6da916796f87ab91f3dae1d78a93602465964cbc
  StripePayments: 7651a56a2a7fe320e5e8b1cb0c2e881536b75021
  StripePaymentsUI: 50270053a2e348308d13ba4bc5082df789cb9b64
  StripeUICore: 7727bbfd146f5c4a8dca7f9be241e2d0cdb70310
  SVPinView: 9b538d0ba68cdb092afe4f0f67ec84cbed079466
  SwiftyJSON: 2f33a42c6fbc52764d96f13368585094bfd8aa5e

PODFILE CHECKSUM: 69ce4a58967f7704e0ccdbc36284ccb551cab99f

COCOAPODS: 1.12.0
