PODS:
  - Alamofire (5.6.1)
  - CountryList (1.1)
  - CreditCardViewSwift (1.0.4):
    - SkyFloatingLabelTextField (~> 3.0)
  - GoogleMaps (6.2.1):
    - GoogleMaps/Maps (= 6.2.1)
  - GoogleMaps/Base (6.2.1)
  - GoogleMaps/Maps (6.2.1):
    - GoogleMaps/Base
  - GooglePlaces (6.2.1)
  - IQKeyboardManager (6.5.10)
  - Loaf (0.7.0)
  - MBProgressHUD (1.2.0)
  - MBRadioCheckboxButton (2.0)
  - ObjectMapper (4.2.0)
  - PhoneNumberKit (3.3.4):
    - PhoneNumberKit/PhoneNumberKitCore (= 3.3.4)
    - PhoneNumberKit/UIKit (= 3.3.4)
  - PhoneNumberKit/PhoneNumberKitCore (3.3.4)
  - PhoneNumberKit/UIKit (3.3.4):
    - PhoneNumberKit/PhoneNumberKitCore
  - SDWebImage (5.12.6):
    - SDWebImage/Core (= 5.12.6)
  - SDWebImage/Core (5.12.6)
  - SkyFloatingLabelTextField (3.8.0)
  - Stripe (22.4.0):
    - Stripe/Stripe3DS2 (= 22.4.0)
    - StripeApplePay (= 22.4.0)
    - StripeCore (= 22.4.0)
    - StripeUICore (= 22.4.0)
  - Stripe/Stripe3DS2 (22.4.0):
    - StripeApplePay (= 22.4.0)
    - StripeCore (= 22.4.0)
    - StripeUICore (= 22.4.0)
  - StripeApplePay (22.4.0):
    - StripeCore (= 22.4.0)
  - StripeCore (22.4.0)
  - StripeUICore (22.4.0):
    - StripeCore (= 22.4.0)
  - SVPinView (1.0.11)
  - SwiftyJSON (5.0.1)

DEPENDENCIES:
  - Alamofire
  - CountryList
  - CreditCardViewSwift (~> 1.0)
  - GoogleMaps (= 6.2.1)
  - GooglePlaces
  - IQKeyboardManager
  - Loaf
  - MBProgressHUD
  - MBRadioCheckboxButton
  - ObjectMapper
  - PhoneNumberKit
  - SDWebImage
  - Stripe
  - SVPinView
  - SwiftyJSON

SPEC REPOS:
  trunk:
    - Alamofire
    - CountryList
    - CreditCardViewSwift
    - GoogleMaps
    - GooglePlaces
    - IQKeyboardManager
    - Loaf
    - MBProgressHUD
    - MBRadioCheckboxButton
    - ObjectMapper
    - PhoneNumberKit
    - SDWebImage
    - SkyFloatingLabelTextField
    - Stripe
    - StripeApplePay
    - StripeCore
    - StripeUICore
    - SVPinView
    - SwiftyJSON

SPEC CHECKSUMS:
  Alamofire: 87bd8c952f9a4454320fce00d9cc3de57bcadaf5
  CountryList: ad58cd670c4ecab6bb014abebc12e63f619174b2
  CreditCardViewSwift: 0d44b13e5b5851e7b89565d6a70cf456029f9881
  GoogleMaps: 20d7b12be49a14287f797e88e0e31bc4156aaeb4
  GooglePlaces: 94974aa119573d5acc2a35a699948dac838abd73
  IQKeyboardManager: 45a1fa55c1a5b02c61ac0fd7fd5b62bb4ad20d97
  Loaf: d69937cd00649f3fa260beb8b7aef0a1feb861ef
  MBProgressHUD: 3ee5efcc380f6a79a7cc9b363dd669c5e1ae7406
  MBRadioCheckboxButton: 6e2a2cdc441e292e45b64c4e65eb8fc1fc05eef2
  ObjectMapper: 1eb41f610210777375fa806bf161dc39fb832b81
  PhoneNumberKit: 441e8b26ec88d598e3591de9061eff18f5dd12e8
  SDWebImage: a47aea9e3d8816015db4e523daff50cfd294499d
  SkyFloatingLabelTextField: 5a338412114808e961fe2d14ea2c5452c8b6e4aa
  Stripe: a925dfa9a7e51aa8f782f428abc10cb828b45a85
  StripeApplePay: 369857bafe8baf02e31b47478db1574febd2a2f3
  StripeCore: a94d2823817c97c79fce60884ab9027a2da798c1
  StripeUICore: a8e24a6c91a5c99075c7a490d45695fb912876e8
  SVPinView: 9b538d0ba68cdb092afe4f0f67ec84cbed079466
  SwiftyJSON: 2f33a42c6fbc52764d96f13368585094bfd8aa5e

PODFILE CHECKSUM: 4c8505c22d0fe492d3d5942f26935d84770f1c36

COCOAPODS: 1.11.3
