// !$*UTF8*$!
{
	archiveVersion = 1;
	classes = {
	};
	objectVersion = 55;
	objects = {

/* Begin PBXBuildFile section */
		52A423CB285119D9007549BB /* AppDelegate.swift in Sources */ = {isa = PBXBuildFile; fileRef = 52A423CA285119D9007549BB /* AppDelegate.swift */; };
		52A423D4285119DF007549BB /* Assets.xcassets in Resources */ = {isa = PBXBuildFile; fileRef = 52A423D3285119DF007549BB /* Assets.xcassets */; };
		52A423D7285119DF007549BB /* LaunchScreen.storyboard in Resources */ = {isa = PBXBuildFile; fileRef = 52A423D5285119DF007549BB /* LaunchScreen.storyboard */; };
		52A423E228512B04007549BB /* UIViewExtensions.swift in Sources */ = {isa = PBXBuildFile; fileRef = 52A423E128512B04007549BB /* UIViewExtensions.swift */; };
		52A423E528512C02007549BB /* StringConstants.swift in Sources */ = {isa = PBXBuildFile; fileRef = 52A423E428512C02007549BB /* StringConstants.swift */; };
		52A423E828512E42007549BB /* QueueConfig.swift in Sources */ = {isa = PBXBuildFile; fileRef = 52A423E728512E42007549BB /* QueueConfig.swift */; };
		52A423EA28512EB5007549BB /* ColorConfig.swift in Sources */ = {isa = PBXBuildFile; fileRef = 52A423E928512EB5007549BB /* ColorConfig.swift */; };
		52A423F02851E245007549BB /* Coordinator.swift in Sources */ = {isa = PBXBuildFile; fileRef = 52A423EE2851E245007549BB /* Coordinator.swift */; };
		52A423F12851E245007549BB /* Observable.swift in Sources */ = {isa = PBXBuildFile; fileRef = 52A423EF2851E245007549BB /* Observable.swift */; };
		52A423F42851E28D007549BB /* RegistrationViewController.swift in Sources */ = {isa = PBXBuildFile; fileRef = 52A423F32851E28D007549BB /* RegistrationViewController.swift */; };
		52A423F62851E29E007549BB /* RegistrationViewModel.swift in Sources */ = {isa = PBXBuildFile; fileRef = 52A423F52851E29E007549BB /* RegistrationViewModel.swift */; };
		52A423F82851E2A9007549BB /* RegistrationCoordinator.swift in Sources */ = {isa = PBXBuildFile; fileRef = 52A423F72851E2A9007549BB /* RegistrationCoordinator.swift */; };
		A7AD202F20055C75EF58FAEF /* Pods_Sharemil.framework in Frameworks */ = {isa = PBXBuildFile; fileRef = 1F406B350C98F56FC5BBC9FF /* Pods_Sharemil.framework */; };
		BE1427132857B42E006E5240 /* HomeViewModel.swift in Sources */ = {isa = PBXBuildFile; fileRef = BE1427122857B42E006E5240 /* HomeViewModel.swift */; };
		BE1427152857B4EB006E5240 /* LocationManager.swift in Sources */ = {isa = PBXBuildFile; fileRef = BE1427142857B4EB006E5240 /* LocationManager.swift */; };
		BE1427172857B541006E5240 /* AlertServices.swift in Sources */ = {isa = PBXBuildFile; fileRef = BE1427162857B541006E5240 /* AlertServices.swift */; };
		BE14271A2857B986006E5240 /* HomeService.swift in Sources */ = {isa = PBXBuildFile; fileRef = BE1427192857B986006E5240 /* HomeService.swift */; };
		BE14271E28585BCD006E5240 /* HomeChefTableViewCell.swift in Sources */ = {isa = PBXBuildFile; fileRef = BE14271C28585BCD006E5240 /* HomeChefTableViewCell.swift */; };
		BE14271F28585BCD006E5240 /* HomeChefTableViewCell.xib in Resources */ = {isa = PBXBuildFile; fileRef = BE14271D28585BCD006E5240 /* HomeChefTableViewCell.xib */; };
		BE4CDDA02853046B006AB129 /* NetworkManager.swift in Sources */ = {isa = PBXBuildFile; fileRef = BE4CDD9F2853046B006AB129 /* NetworkManager.swift */; };
		BE4CDDA22853048C006AB129 /* URLConfig.swift in Sources */ = {isa = PBXBuildFile; fileRef = BE4CDDA12853048C006AB129 /* URLConfig.swift */; };
		BE4CDDB128530D7E006AB129 /* Inter-VariableFont_slnt,wght.ttf in Resources */ = {isa = PBXBuildFile; fileRef = BE4CDDA428530D7E006AB129 /* Inter-VariableFont_slnt,wght.ttf */; };
		BE4CDDB228530D7E006AB129 /* Inter-Medium.ttf in Resources */ = {isa = PBXBuildFile; fileRef = BE4CDDA628530D7E006AB129 /* Inter-Medium.ttf */; };
		BE4CDDB328530D7E006AB129 /* Inter-Light.ttf in Resources */ = {isa = PBXBuildFile; fileRef = BE4CDDA728530D7E006AB129 /* Inter-Light.ttf */; };
		BE4CDDB428530D7E006AB129 /* Inter-Thin.ttf in Resources */ = {isa = PBXBuildFile; fileRef = BE4CDDA828530D7E006AB129 /* Inter-Thin.ttf */; };
		BE4CDDB528530D7E006AB129 /* Inter-Bold.ttf in Resources */ = {isa = PBXBuildFile; fileRef = BE4CDDA928530D7E006AB129 /* Inter-Bold.ttf */; };
		BE4CDDB628530D7E006AB129 /* Inter-Regular.ttf in Resources */ = {isa = PBXBuildFile; fileRef = BE4CDDAA28530D7E006AB129 /* Inter-Regular.ttf */; };
		BE4CDDB728530D7E006AB129 /* Inter-ExtraBold.ttf in Resources */ = {isa = PBXBuildFile; fileRef = BE4CDDAB28530D7E006AB129 /* Inter-ExtraBold.ttf */; };
		BE4CDDB828530D7E006AB129 /* Inter-ExtraLight.ttf in Resources */ = {isa = PBXBuildFile; fileRef = BE4CDDAC28530D7E006AB129 /* Inter-ExtraLight.ttf */; };
		BE4CDDB928530D7E006AB129 /* Inter-Black.ttf in Resources */ = {isa = PBXBuildFile; fileRef = BE4CDDAD28530D7E006AB129 /* Inter-Black.ttf */; };
		BE4CDDBA28530D7E006AB129 /* Inter-SemiBold.ttf in Resources */ = {isa = PBXBuildFile; fileRef = BE4CDDAE28530D7E006AB129 /* Inter-SemiBold.ttf */; };
		BE4CDDBB28530D7E006AB129 /* OFL.txt in Resources */ = {isa = PBXBuildFile; fileRef = BE4CDDAF28530D7E006AB129 /* OFL.txt */; };
		BE4CDDBC28530D7E006AB129 /* README.txt in Resources */ = {isa = PBXBuildFile; fileRef = BE4CDDB028530D7E006AB129 /* README.txt */; };
		BE4CDDBE28532230006AB129 /* Registration.storyboard in Resources */ = {isa = PBXBuildFile; fileRef = BE4CDDBD28532230006AB129 /* Registration.storyboard */; };
		BE4CDDC128532A6A006AB129 /* FirebaseService.swift in Sources */ = {isa = PBXBuildFile; fileRef = BE4CDDC028532A6A006AB129 /* FirebaseService.swift */; };
		BE4CDDC328532B20006AB129 /* GoogleService-Info.plist in Resources */ = {isa = PBXBuildFile; fileRef = BE4CDDC228532B20006AB129 /* GoogleService-Info.plist */; };
		BE4CDDC628532EEE006AB129 /* OtpVerification.storyboard in Resources */ = {isa = PBXBuildFile; fileRef = BE4CDDC528532EEE006AB129 /* OtpVerification.storyboard */; };
		BE4CDDC828532EFE006AB129 /* OtpVerificationViewController.swift in Sources */ = {isa = PBXBuildFile; fileRef = BE4CDDC728532EFE006AB129 /* OtpVerificationViewController.swift */; };
		BE4CDDCB28533474006AB129 /* OtpValidationCoordinator.swift in Sources */ = {isa = PBXBuildFile; fileRef = BE4CDDCA28533474006AB129 /* OtpValidationCoordinator.swift */; };
		BE4CDDCD28533485006AB129 /* OtpVerificationViewModel.swift in Sources */ = {isa = PBXBuildFile; fileRef = BE4CDDCC28533485006AB129 /* OtpVerificationViewModel.swift */; };
		BE4CDDD1285342A1006AB129 /* Home.storyboard in Resources */ = {isa = PBXBuildFile; fileRef = BE4CDDD0285342A1006AB129 /* Home.storyboard */; };
		BE4CDDD3285342A6006AB129 /* HomeViewController.swift in Sources */ = {isa = PBXBuildFile; fileRef = BE4CDDD2285342A6006AB129 /* HomeViewController.swift */; };
		BE4CDDDA285342DF006AB129 /* BaseTabbar.storyboard in Resources */ = {isa = PBXBuildFile; fileRef = BE4CDDD9285342DF006AB129 /* BaseTabbar.storyboard */; };
		BE4CDDDC285342FE006AB129 /* BaseTabbarViewController.swift in Sources */ = {isa = PBXBuildFile; fileRef = BE4CDDDB285342FE006AB129 /* BaseTabbarViewController.swift */; };
		BE4CDDE1285344D8006AB129 /* BaseTabbarCoordinator.swift in Sources */ = {isa = PBXBuildFile; fileRef = BE4CDDE0285344D8006AB129 /* BaseTabbarCoordinator.swift */; };
		BE4CDDE5285345DA006AB129 /* Cart.storyboard in Resources */ = {isa = PBXBuildFile; fileRef = BE4CDDE4285345DA006AB129 /* Cart.storyboard */; };
		BE4CDDE7285345DF006AB129 /* CartViewController.swift in Sources */ = {isa = PBXBuildFile; fileRef = BE4CDDE6285345DF006AB129 /* CartViewController.swift */; };
		BE4CDDEA285345EC006AB129 /* Orders.storyboard in Resources */ = {isa = PBXBuildFile; fileRef = BE4CDDE9285345EC006AB129 /* Orders.storyboard */; };
		BE4CDDEC285345F1006AB129 /* OrdersViewController.swift in Sources */ = {isa = PBXBuildFile; fileRef = BE4CDDEB285345F1006AB129 /* OrdersViewController.swift */; };
		BE4CDDEF28534605006AB129 /* AccountViewController.swift in Sources */ = {isa = PBXBuildFile; fileRef = BE4CDDEE28534605006AB129 /* AccountViewController.swift */; };
		BE4CDDF12853460B006AB129 /* Account.storyboard in Resources */ = {isa = PBXBuildFile; fileRef = BE4CDDF02853460B006AB129 /* Account.storyboard */; };
		BE4CDDF428534F97006AB129 /* GoogleSignIn in Frameworks */ = {isa = PBXBuildFile; productRef = BE4CDDF328534F97006AB129 /* GoogleSignIn */; };
		BE4CDDF628534F97006AB129 /* GoogleSignInSwift in Frameworks */ = {isa = PBXBuildFile; productRef = BE4CDDF528534F97006AB129 /* GoogleSignInSwift */; };
/* End PBXBuildFile section */

/* Begin PBXFileReference section */
		1F406B350C98F56FC5BBC9FF /* Pods_Sharemil.framework */ = {isa = PBXFileReference; explicitFileType = wrapper.framework; includeInIndex = 0; path = Pods_Sharemil.framework; sourceTree = BUILT_PRODUCTS_DIR; };
		3F25767DDDBA81A0903B7CE3 /* Pods-Sharemil.release.xcconfig */ = {isa = PBXFileReference; includeInIndex = 1; lastKnownFileType = text.xcconfig; name = "Pods-Sharemil.release.xcconfig"; path = "Target Support Files/Pods-Sharemil/Pods-Sharemil.release.xcconfig"; sourceTree = "<group>"; };
		52A423C7285119D9007549BB /* Sharemil.app */ = {isa = PBXFileReference; explicitFileType = wrapper.application; includeInIndex = 0; path = Sharemil.app; sourceTree = BUILT_PRODUCTS_DIR; };
		52A423CA285119D9007549BB /* AppDelegate.swift */ = {isa = PBXFileReference; lastKnownFileType = sourcecode.swift; path = AppDelegate.swift; sourceTree = "<group>"; };
		52A423D3285119DF007549BB /* Assets.xcassets */ = {isa = PBXFileReference; lastKnownFileType = folder.assetcatalog; path = Assets.xcassets; sourceTree = "<group>"; };
		52A423D6285119DF007549BB /* Base */ = {isa = PBXFileReference; lastKnownFileType = file.storyboard; name = Base; path = Base.lproj/LaunchScreen.storyboard; sourceTree = "<group>"; };
		52A423D8285119E0007549BB /* Info.plist */ = {isa = PBXFileReference; lastKnownFileType = text.plist.xml; path = Info.plist; sourceTree = "<group>"; };
		52A423E128512B04007549BB /* UIViewExtensions.swift */ = {isa = PBXFileReference; lastKnownFileType = sourcecode.swift; path = UIViewExtensions.swift; sourceTree = "<group>"; };
		52A423E428512C02007549BB /* StringConstants.swift */ = {isa = PBXFileReference; fileEncoding = 4; lastKnownFileType = sourcecode.swift; path = StringConstants.swift; sourceTree = "<group>"; };
		52A423E728512E42007549BB /* QueueConfig.swift */ = {isa = PBXFileReference; fileEncoding = 4; lastKnownFileType = sourcecode.swift; path = QueueConfig.swift; sourceTree = "<group>"; };
		52A423E928512EB5007549BB /* ColorConfig.swift */ = {isa = PBXFileReference; fileEncoding = 4; lastKnownFileType = sourcecode.swift; path = ColorConfig.swift; sourceTree = "<group>"; };
		52A423EE2851E245007549BB /* Coordinator.swift */ = {isa = PBXFileReference; fileEncoding = 4; lastKnownFileType = sourcecode.swift; path = Coordinator.swift; sourceTree = "<group>"; };
		52A423EF2851E245007549BB /* Observable.swift */ = {isa = PBXFileReference; fileEncoding = 4; lastKnownFileType = sourcecode.swift; path = Observable.swift; sourceTree = "<group>"; };
		52A423F32851E28D007549BB /* RegistrationViewController.swift */ = {isa = PBXFileReference; lastKnownFileType = sourcecode.swift; path = RegistrationViewController.swift; sourceTree = "<group>"; };
		52A423F52851E29E007549BB /* RegistrationViewModel.swift */ = {isa = PBXFileReference; lastKnownFileType = sourcecode.swift; path = RegistrationViewModel.swift; sourceTree = "<group>"; };
		52A423F72851E2A9007549BB /* RegistrationCoordinator.swift */ = {isa = PBXFileReference; lastKnownFileType = sourcecode.swift; path = RegistrationCoordinator.swift; sourceTree = "<group>"; };
		9657F1065D38354F9BC79120 /* Pods-Sharemil.debug.xcconfig */ = {isa = PBXFileReference; includeInIndex = 1; lastKnownFileType = text.xcconfig; name = "Pods-Sharemil.debug.xcconfig"; path = "Target Support Files/Pods-Sharemil/Pods-Sharemil.debug.xcconfig"; sourceTree = "<group>"; };
		BE1427122857B42E006E5240 /* HomeViewModel.swift */ = {isa = PBXFileReference; lastKnownFileType = sourcecode.swift; path = HomeViewModel.swift; sourceTree = "<group>"; };
		BE1427142857B4EB006E5240 /* LocationManager.swift */ = {isa = PBXFileReference; lastKnownFileType = sourcecode.swift; path = LocationManager.swift; sourceTree = "<group>"; };
		BE1427162857B541006E5240 /* AlertServices.swift */ = {isa = PBXFileReference; lastKnownFileType = sourcecode.swift; path = AlertServices.swift; sourceTree = "<group>"; };
		BE1427192857B986006E5240 /* HomeService.swift */ = {isa = PBXFileReference; lastKnownFileType = sourcecode.swift; path = HomeService.swift; sourceTree = "<group>"; };
		BE14271C28585BCD006E5240 /* HomeChefTableViewCell.swift */ = {isa = PBXFileReference; lastKnownFileType = sourcecode.swift; path = HomeChefTableViewCell.swift; sourceTree = "<group>"; };
		BE14271D28585BCD006E5240 /* HomeChefTableViewCell.xib */ = {isa = PBXFileReference; lastKnownFileType = file.xib; path = HomeChefTableViewCell.xib; sourceTree = "<group>"; };
		BE4CDD9F2853046B006AB129 /* NetworkManager.swift */ = {isa = PBXFileReference; fileEncoding = 4; lastKnownFileType = sourcecode.swift; path = NetworkManager.swift; sourceTree = "<group>"; };
		BE4CDDA12853048C006AB129 /* URLConfig.swift */ = {isa = PBXFileReference; fileEncoding = 4; lastKnownFileType = sourcecode.swift; path = URLConfig.swift; sourceTree = "<group>"; };
		BE4CDDA428530D7E006AB129 /* Inter-VariableFont_slnt,wght.ttf */ = {isa = PBXFileReference; lastKnownFileType = file; path = "Inter-VariableFont_slnt,wght.ttf"; sourceTree = "<group>"; };
		BE4CDDA628530D7E006AB129 /* Inter-Medium.ttf */ = {isa = PBXFileReference; lastKnownFileType = file; path = "Inter-Medium.ttf"; sourceTree = "<group>"; };
		BE4CDDA728530D7E006AB129 /* Inter-Light.ttf */ = {isa = PBXFileReference; lastKnownFileType = file; path = "Inter-Light.ttf"; sourceTree = "<group>"; };
		BE4CDDA828530D7E006AB129 /* Inter-Thin.ttf */ = {isa = PBXFileReference; lastKnownFileType = file; path = "Inter-Thin.ttf"; sourceTree = "<group>"; };
		BE4CDDA928530D7E006AB129 /* Inter-Bold.ttf */ = {isa = PBXFileReference; lastKnownFileType = file; path = "Inter-Bold.ttf"; sourceTree = "<group>"; };
		BE4CDDAA28530D7E006AB129 /* Inter-Regular.ttf */ = {isa = PBXFileReference; lastKnownFileType = file; path = "Inter-Regular.ttf"; sourceTree = "<group>"; };
		BE4CDDAB28530D7E006AB129 /* Inter-ExtraBold.ttf */ = {isa = PBXFileReference; lastKnownFileType = file; path = "Inter-ExtraBold.ttf"; sourceTree = "<group>"; };
		BE4CDDAC28530D7E006AB129 /* Inter-ExtraLight.ttf */ = {isa = PBXFileReference; lastKnownFileType = file; path = "Inter-ExtraLight.ttf"; sourceTree = "<group>"; };
		BE4CDDAD28530D7E006AB129 /* Inter-Black.ttf */ = {isa = PBXFileReference; lastKnownFileType = file; path = "Inter-Black.ttf"; sourceTree = "<group>"; };
		BE4CDDAE28530D7E006AB129 /* Inter-SemiBold.ttf */ = {isa = PBXFileReference; lastKnownFileType = file; path = "Inter-SemiBold.ttf"; sourceTree = "<group>"; };
		BE4CDDAF28530D7E006AB129 /* OFL.txt */ = {isa = PBXFileReference; fileEncoding = 4; lastKnownFileType = text; path = OFL.txt; sourceTree = "<group>"; };
		BE4CDDB028530D7E006AB129 /* README.txt */ = {isa = PBXFileReference; fileEncoding = 4; lastKnownFileType = text; path = README.txt; sourceTree = "<group>"; };
		BE4CDDBD28532230006AB129 /* Registration.storyboard */ = {isa = PBXFileReference; lastKnownFileType = file.storyboard; path = Registration.storyboard; sourceTree = "<group>"; };
		BE4CDDC028532A6A006AB129 /* FirebaseService.swift */ = {isa = PBXFileReference; lastKnownFileType = sourcecode.swift; path = FirebaseService.swift; sourceTree = "<group>"; };
		BE4CDDC228532B20006AB129 /* GoogleService-Info.plist */ = {isa = PBXFileReference; fileEncoding = 4; lastKnownFileType = text.plist.xml; path = "GoogleService-Info.plist"; sourceTree = "<group>"; };
		BE4CDDC528532EEE006AB129 /* OtpVerification.storyboard */ = {isa = PBXFileReference; lastKnownFileType = file.storyboard; path = OtpVerification.storyboard; sourceTree = "<group>"; };
		BE4CDDC728532EFE006AB129 /* OtpVerificationViewController.swift */ = {isa = PBXFileReference; lastKnownFileType = sourcecode.swift; path = OtpVerificationViewController.swift; sourceTree = "<group>"; };
		BE4CDDCA28533474006AB129 /* OtpValidationCoordinator.swift */ = {isa = PBXFileReference; lastKnownFileType = sourcecode.swift; path = OtpValidationCoordinator.swift; sourceTree = "<group>"; };
		BE4CDDCC28533485006AB129 /* OtpVerificationViewModel.swift */ = {isa = PBXFileReference; lastKnownFileType = sourcecode.swift; path = OtpVerificationViewModel.swift; sourceTree = "<group>"; };
		BE4CDDD0285342A1006AB129 /* Home.storyboard */ = {isa = PBXFileReference; lastKnownFileType = file.storyboard; path = Home.storyboard; sourceTree = "<group>"; };
		BE4CDDD2285342A6006AB129 /* HomeViewController.swift */ = {isa = PBXFileReference; lastKnownFileType = sourcecode.swift; path = HomeViewController.swift; sourceTree = "<group>"; };
		BE4CDDD9285342DF006AB129 /* BaseTabbar.storyboard */ = {isa = PBXFileReference; lastKnownFileType = file.storyboard; path = BaseTabbar.storyboard; sourceTree = "<group>"; };
		BE4CDDDB285342FE006AB129 /* BaseTabbarViewController.swift */ = {isa = PBXFileReference; lastKnownFileType = sourcecode.swift; path = BaseTabbarViewController.swift; sourceTree = "<group>"; };
		BE4CDDE0285344D8006AB129 /* BaseTabbarCoordinator.swift */ = {isa = PBXFileReference; lastKnownFileType = sourcecode.swift; path = BaseTabbarCoordinator.swift; sourceTree = "<group>"; };
		BE4CDDE4285345DA006AB129 /* Cart.storyboard */ = {isa = PBXFileReference; lastKnownFileType = file.storyboard; path = Cart.storyboard; sourceTree = "<group>"; };
		BE4CDDE6285345DF006AB129 /* CartViewController.swift */ = {isa = PBXFileReference; lastKnownFileType = sourcecode.swift; path = CartViewController.swift; sourceTree = "<group>"; };
		BE4CDDE9285345EC006AB129 /* Orders.storyboard */ = {isa = PBXFileReference; lastKnownFileType = file.storyboard; path = Orders.storyboard; sourceTree = "<group>"; };
		BE4CDDEB285345F1006AB129 /* OrdersViewController.swift */ = {isa = PBXFileReference; lastKnownFileType = sourcecode.swift; path = OrdersViewController.swift; sourceTree = "<group>"; };
		BE4CDDEE28534605006AB129 /* AccountViewController.swift */ = {isa = PBXFileReference; lastKnownFileType = sourcecode.swift; path = AccountViewController.swift; sourceTree = "<group>"; };
		BE4CDDF02853460B006AB129 /* Account.storyboard */ = {isa = PBXFileReference; lastKnownFileType = file.storyboard; path = Account.storyboard; sourceTree = "<group>"; };
/* End PBXFileReference section */

/* Begin PBXFrameworksBuildPhase section */
		52A423C4285119D9007549BB /* Frameworks */ = {
			isa = PBXFrameworksBuildPhase;
			buildActionMask = 2147483647;
			files = (
				BE4CDDF628534F97006AB129 /* GoogleSignInSwift in Frameworks */,
				A7AD202F20055C75EF58FAEF /* Pods_Sharemil.framework in Frameworks */,
				BE4CDDF428534F97006AB129 /* GoogleSignIn in Frameworks */,
			);
			runOnlyForDeploymentPostprocessing = 0;
		};
/* End PBXFrameworksBuildPhase section */

/* Begin PBXGroup section */
		454E21101C2C27F66512AC9E /* Pods */ = {
			isa = PBXGroup;
			children = (
				9657F1065D38354F9BC79120 /* Pods-Sharemil.debug.xcconfig */,
				3F25767DDDBA81A0903B7CE3 /* Pods-Sharemil.release.xcconfig */,
			);
			path = Pods;
			sourceTree = "<group>";
		};
		51BA570F4EA87D1522C67AE4 /* Frameworks */ = {
			isa = PBXGroup;
			children = (
				1F406B350C98F56FC5BBC9FF /* Pods_Sharemil.framework */,
			);
			name = Frameworks;
			sourceTree = "<group>";
		};
		52A423BE285119D9007549BB = {
			isa = PBXGroup;
			children = (
				BE4CDDC228532B20006AB129 /* GoogleService-Info.plist */,
				52A423C9285119D9007549BB /* Sharemil */,
				52A423C8285119D9007549BB /* Products */,
				454E21101C2C27F66512AC9E /* Pods */,
				51BA570F4EA87D1522C67AE4 /* Frameworks */,
			);
			sourceTree = "<group>";
		};
		52A423C8285119D9007549BB /* Products */ = {
			isa = PBXGroup;
			children = (
				52A423C7285119D9007549BB /* Sharemil.app */,
			);
			name = Products;
			sourceTree = "<group>";
		};
		52A423C9285119D9007549BB /* Sharemil */ = {
			isa = PBXGroup;
			children = (
				BE4CDDA328530D7E006AB129 /* Inter */,
				52A423FC2851E34C007549BB /* Services */,
				52A423FB2851E336007549BB /* Models */,
				52A423F22851E248007549BB /* Architectures */,
				52A423E628512E35007549BB /* Configs */,
				52A423E328512BF3007549BB /* Constants */,
				52A423DE28511A6A007549BB /* Extensions */,
				52A423DF285129E0007549BB /* Modules */,
				52A423CA285119D9007549BB /* AppDelegate.swift */,
				52A423D3285119DF007549BB /* Assets.xcassets */,
				52A423D5285119DF007549BB /* LaunchScreen.storyboard */,
				52A423D8285119E0007549BB /* Info.plist */,
			);
			path = Sharemil;
			sourceTree = "<group>";
		};
		52A423DE28511A6A007549BB /* Extensions */ = {
			isa = PBXGroup;
			children = (
				52A423E028512A3D007549BB /* UIExtensions */,
			);
			path = Extensions;
			sourceTree = "<group>";
		};
		52A423DF285129E0007549BB /* Modules */ = {
			isa = PBXGroup;
			children = (
				BE4CDDED285345F9006AB129 /* Account */,
				BE4CDDE8285345E2006AB129 /* Orders */,
				BE4CDDE3285345D5006AB129 /* Cart */,
				BE4CDDCF28534259006AB129 /* Home */,
				BE4CDDD8285342D3006AB129 /* TabbarController */,
				BE4CDDC428532EE2006AB129 /* OtpVerification */,
				52A423EB2851D002007549BB /* Register */,
			);
			path = Modules;
			sourceTree = "<group>";
		};
		52A423E028512A3D007549BB /* UIExtensions */ = {
			isa = PBXGroup;
			children = (
				52A423E128512B04007549BB /* UIViewExtensions.swift */,
			);
			path = UIExtensions;
			sourceTree = "<group>";
		};
		52A423E328512BF3007549BB /* Constants */ = {
			isa = PBXGroup;
			children = (
				52A423E428512C02007549BB /* StringConstants.swift */,
			);
			path = Constants;
			sourceTree = "<group>";
		};
		52A423E628512E35007549BB /* Configs */ = {
			isa = PBXGroup;
			children = (
				52A423E928512EB5007549BB /* ColorConfig.swift */,
				BE4CDDA12853048C006AB129 /* URLConfig.swift */,
				52A423E728512E42007549BB /* QueueConfig.swift */,
			);
			path = Configs;
			sourceTree = "<group>";
		};
		52A423EB2851D002007549BB /* Register */ = {
			isa = PBXGroup;
			children = (
				52A423FA2851E322007549BB /* ViewModel */,
				52A423F92851E2FC007549BB /* View */,
				52A423F72851E2A9007549BB /* RegistrationCoordinator.swift */,
			);
			path = Register;
			sourceTree = "<group>";
		};
		52A423F22851E248007549BB /* Architectures */ = {
			isa = PBXGroup;
			children = (
				52A423EE2851E245007549BB /* Coordinator.swift */,
				52A423EF2851E245007549BB /* Observable.swift */,
			);
			path = Architectures;
			sourceTree = "<group>";
		};
		52A423F92851E2FC007549BB /* View */ = {
			isa = PBXGroup;
			children = (
				52A423F32851E28D007549BB /* RegistrationViewController.swift */,
				BE4CDDBD28532230006AB129 /* Registration.storyboard */,
			);
			path = View;
			sourceTree = "<group>";
		};
		52A423FA2851E322007549BB /* ViewModel */ = {
			isa = PBXGroup;
			children = (
				52A423F52851E29E007549BB /* RegistrationViewModel.swift */,
			);
			path = ViewModel;
			sourceTree = "<group>";
		};
		52A423FB2851E336007549BB /* Models */ = {
			isa = PBXGroup;
			children = (
			);
			path = Models;
			sourceTree = "<group>";
		};
		52A423FC2851E34C007549BB /* Services */ = {
			isa = PBXGroup;
			children = (
				BE4CDD9F2853046B006AB129 /* NetworkManager.swift */,
				BE4CDDC028532A6A006AB129 /* FirebaseService.swift */,
				BE1427142857B4EB006E5240 /* LocationManager.swift */,
				BE1427162857B541006E5240 /* AlertServices.swift */,
			);
			path = Services;
			sourceTree = "<group>";
		};
		BE1427112857B404006E5240 /* ViewModel */ = {
			isa = PBXGroup;
			children = (
				BE1427122857B42E006E5240 /* HomeViewModel.swift */,
			);
			path = ViewModel;
			sourceTree = "<group>";
		};
		BE1427182857B97D006E5240 /* Service */ = {
			isa = PBXGroup;
			children = (
				BE1427192857B986006E5240 /* HomeService.swift */,
			);
			path = Service;
			sourceTree = "<group>";
		};
		BE14271B28585BB6006E5240 /* Cell */ = {
			isa = PBXGroup;
			children = (
				BE14271C28585BCD006E5240 /* HomeChefTableViewCell.swift */,
				BE14271D28585BCD006E5240 /* HomeChefTableViewCell.xib */,
			);
			path = Cell;
			sourceTree = "<group>";
		};
		BE4CDDA328530D7E006AB129 /* Inter */ = {
			isa = PBXGroup;
			children = (
				BE4CDDA428530D7E006AB129 /* Inter-VariableFont_slnt,wght.ttf */,
				BE4CDDA528530D7E006AB129 /* static */,
				BE4CDDAF28530D7E006AB129 /* OFL.txt */,
				BE4CDDB028530D7E006AB129 /* README.txt */,
			);
			path = Inter;
			sourceTree = "<group>";
		};
		BE4CDDA528530D7E006AB129 /* static */ = {
			isa = PBXGroup;
			children = (
				BE4CDDA628530D7E006AB129 /* Inter-Medium.ttf */,
				BE4CDDA728530D7E006AB129 /* Inter-Light.ttf */,
				BE4CDDA828530D7E006AB129 /* Inter-Thin.ttf */,
				BE4CDDA928530D7E006AB129 /* Inter-Bold.ttf */,
				BE4CDDAA28530D7E006AB129 /* Inter-Regular.ttf */,
				BE4CDDAB28530D7E006AB129 /* Inter-ExtraBold.ttf */,
				BE4CDDAC28530D7E006AB129 /* Inter-ExtraLight.ttf */,
				BE4CDDAD28530D7E006AB129 /* Inter-Black.ttf */,
				BE4CDDAE28530D7E006AB129 /* Inter-SemiBold.ttf */,
			);
			path = static;
			sourceTree = "<group>";
		};
		BE4CDDC428532EE2006AB129 /* OtpVerification */ = {
			isa = PBXGroup;
			children = (
				BE4CDDCE28533488006AB129 /* ViewModel */,
				BE4CDDC928533449006AB129 /* View */,
				BE4CDDCA28533474006AB129 /* OtpValidationCoordinator.swift */,
			);
			path = OtpVerification;
			sourceTree = "<group>";
		};
		BE4CDDC928533449006AB129 /* View */ = {
			isa = PBXGroup;
			children = (
				BE4CDDC528532EEE006AB129 /* OtpVerification.storyboard */,
				BE4CDDC728532EFE006AB129 /* OtpVerificationViewController.swift */,
			);
			path = View;
			sourceTree = "<group>";
		};
		BE4CDDCE28533488006AB129 /* ViewModel */ = {
			isa = PBXGroup;
			children = (
				BE4CDDCC28533485006AB129 /* OtpVerificationViewModel.swift */,
			);
			path = ViewModel;
			sourceTree = "<group>";
		};
		BE4CDDCF28534259006AB129 /* Home */ = {
			isa = PBXGroup;
			children = (
				BE1427182857B97D006E5240 /* Service */,
				BE1427112857B404006E5240 /* ViewModel */,
				BE4CDDD4285342A9006AB129 /* View */,
			);
			path = Home;
			sourceTree = "<group>";
		};
		BE4CDDD4285342A9006AB129 /* View */ = {
			isa = PBXGroup;
			children = (
				BE14271B28585BB6006E5240 /* Cell */,
				BE4CDDD0285342A1006AB129 /* Home.storyboard */,
				BE4CDDD2285342A6006AB129 /* HomeViewController.swift */,
			);
			path = View;
			sourceTree = "<group>";
		};
		BE4CDDD8285342D3006AB129 /* TabbarController */ = {
			isa = PBXGroup;
			children = (
				BE4CDDDD285344B2006AB129 /* View */,
				BE4CDDE0285344D8006AB129 /* BaseTabbarCoordinator.swift */,
			);
			path = TabbarController;
			sourceTree = "<group>";
		};
		BE4CDDDD285344B2006AB129 /* View */ = {
			isa = PBXGroup;
			children = (
				BE4CDDDB285342FE006AB129 /* BaseTabbarViewController.swift */,
				BE4CDDD9285342DF006AB129 /* BaseTabbar.storyboard */,
			);
			path = View;
			sourceTree = "<group>";
		};
		BE4CDDE3285345D5006AB129 /* Cart */ = {
			isa = PBXGroup;
			children = (
				BE4CDDE4285345DA006AB129 /* Cart.storyboard */,
				BE4CDDE6285345DF006AB129 /* CartViewController.swift */,
			);
			path = Cart;
			sourceTree = "<group>";
		};
		BE4CDDE8285345E2006AB129 /* Orders */ = {
			isa = PBXGroup;
			children = (
				BE4CDDE9285345EC006AB129 /* Orders.storyboard */,
				BE4CDDEB285345F1006AB129 /* OrdersViewController.swift */,
			);
			path = Orders;
			sourceTree = "<group>";
		};
		BE4CDDED285345F9006AB129 /* Account */ = {
			isa = PBXGroup;
			children = (
				BE4CDDEE28534605006AB129 /* AccountViewController.swift */,
				BE4CDDF02853460B006AB129 /* Account.storyboard */,
			);
			path = Account;
			sourceTree = "<group>";
		};
/* End PBXGroup section */

/* Begin PBXNativeTarget section */
		52A423C6285119D9007549BB /* Sharemil */ = {
			isa = PBXNativeTarget;
			buildConfigurationList = 52A423DB285119E0007549BB /* Build configuration list for PBXNativeTarget "Sharemil" */;
			buildPhases = (
				C84F21EC95A7C55FB24C7CB7 /* [CP] Check Pods Manifest.lock */,
				52A423C3285119D9007549BB /* Sources */,
				52A423C4285119D9007549BB /* Frameworks */,
				52A423C5285119D9007549BB /* Resources */,
				538E96DA7075ED9B435D149F /* [CP] Embed Pods Frameworks */,
			);
			buildRules = (
			);
			dependencies = (
			);
			name = Sharemil;
			packageProductDependencies = (
				BE4CDDF328534F97006AB129 /* GoogleSignIn */,
				BE4CDDF528534F97006AB129 /* GoogleSignInSwift */,
			);
			productName = Sharemil;
			productReference = 52A423C7285119D9007549BB /* Sharemil.app */;
			productType = "com.apple.product-type.application";
		};
/* End PBXNativeTarget section */

/* Begin PBXProject section */
		52A423BF285119D9007549BB /* Project object */ = {
			isa = PBXProject;
			attributes = {
				BuildIndependentTargetsInParallel = 1;
				LastSwiftUpdateCheck = 1330;
				LastUpgradeCheck = 1330;
				TargetAttributes = {
					52A423C6285119D9007549BB = {
						CreatedOnToolsVersion = 13.3.1;
					};
				};
			};
			buildConfigurationList = 52A423C2285119D9007549BB /* Build configuration list for PBXProject "Sharemil" */;
			compatibilityVersion = "Xcode 13.0";
			developmentRegion = en;
			hasScannedForEncodings = 0;
			knownRegions = (
				en,
				Base,
			);
			mainGroup = 52A423BE285119D9007549BB;
			packageReferences = (
				BE4CDDF228534F97006AB129 /* XCRemoteSwiftPackageReference "GoogleSignIn-iOS" */,
			);
			productRefGroup = 52A423C8285119D9007549BB /* Products */;
			projectDirPath = "";
			projectRoot = "";
			targets = (
				52A423C6285119D9007549BB /* Sharemil */,
			);
		};
/* End PBXProject section */

/* Begin PBXResourcesBuildPhase section */
		52A423C5285119D9007549BB /* Resources */ = {
			isa = PBXResourcesBuildPhase;
			buildActionMask = 2147483647;
			files = (
				BE4CDDBB28530D7E006AB129 /* OFL.txt in Resources */,
				BE4CDDB128530D7E006AB129 /* Inter-VariableFont_slnt,wght.ttf in Resources */,
				BE4CDDB628530D7E006AB129 /* Inter-Regular.ttf in Resources */,
				BE4CDDD1285342A1006AB129 /* Home.storyboard in Resources */,
				BE4CDDEA285345EC006AB129 /* Orders.storyboard in Resources */,
				52A423D7285119DF007549BB /* LaunchScreen.storyboard in Resources */,
				BE4CDDF12853460B006AB129 /* Account.storyboard in Resources */,
				BE4CDDBC28530D7E006AB129 /* README.txt in Resources */,
				BE4CDDB528530D7E006AB129 /* Inter-Bold.ttf in Resources */,
				BE4CDDDA285342DF006AB129 /* BaseTabbar.storyboard in Resources */,
				BE4CDDE5285345DA006AB129 /* Cart.storyboard in Resources */,
				BE4CDDBA28530D7E006AB129 /* Inter-SemiBold.ttf in Resources */,
				BE14271F28585BCD006E5240 /* HomeChefTableViewCell.xib in Resources */,
				52A423D4285119DF007549BB /* Assets.xcassets in Resources */,
				BE4CDDB728530D7E006AB129 /* Inter-ExtraBold.ttf in Resources */,
				BE4CDDC628532EEE006AB129 /* OtpVerification.storyboard in Resources */,
				BE4CDDC328532B20006AB129 /* GoogleService-Info.plist in Resources */,
				BE4CDDBE28532230006AB129 /* Registration.storyboard in Resources */,
				BE4CDDB228530D7E006AB129 /* Inter-Medium.ttf in Resources */,
				BE4CDDB928530D7E006AB129 /* Inter-Black.ttf in Resources */,
				BE4CDDB328530D7E006AB129 /* Inter-Light.ttf in Resources */,
				BE4CDDB828530D7E006AB129 /* Inter-ExtraLight.ttf in Resources */,
				BE4CDDB428530D7E006AB129 /* Inter-Thin.ttf in Resources */,
			);
			runOnlyForDeploymentPostprocessing = 0;
		};
/* End PBXResourcesBuildPhase section */

/* Begin PBXShellScriptBuildPhase section */
		538E96DA7075ED9B435D149F /* [CP] Embed Pods Frameworks */ = {
			isa = PBXShellScriptBuildPhase;
			buildActionMask = 2147483647;
			files = (
			);
			inputFileListPaths = (
				"${PODS_ROOT}/Target Support Files/Pods-Sharemil/Pods-Sharemil-frameworks-${CONFIGURATION}-input-files.xcfilelist",
			);
			name = "[CP] Embed Pods Frameworks";
			outputFileListPaths = (
				"${PODS_ROOT}/Target Support Files/Pods-Sharemil/Pods-Sharemil-frameworks-${CONFIGURATION}-output-files.xcfilelist",
			);
			runOnlyForDeploymentPostprocessing = 0;
			shellPath = /bin/sh;
			shellScript = "\"${PODS_ROOT}/Target Support Files/Pods-Sharemil/Pods-Sharemil-frameworks.sh\"\n";
			showEnvVarsInLog = 0;
		};
		C84F21EC95A7C55FB24C7CB7 /* [CP] Check Pods Manifest.lock */ = {
			isa = PBXShellScriptBuildPhase;
			buildActionMask = 2147483647;
			files = (
			);
			inputFileListPaths = (
			);
			inputPaths = (
				"${PODS_PODFILE_DIR_PATH}/Podfile.lock",
				"${PODS_ROOT}/Manifest.lock",
			);
			name = "[CP] Check Pods Manifest.lock";
			outputFileListPaths = (
			);
			outputPaths = (
				"$(DERIVED_FILE_DIR)/Pods-Sharemil-checkManifestLockResult.txt",
			);
			runOnlyForDeploymentPostprocessing = 0;
			shellPath = /bin/sh;
			shellScript = "diff \"${PODS_PODFILE_DIR_PATH}/Podfile.lock\" \"${PODS_ROOT}/Manifest.lock\" > /dev/null\nif [ $? != 0 ] ; then\n    # print error to STDERR\n    echo \"error: The sandbox is not in sync with the Podfile.lock. Run 'pod install' or update your CocoaPods installation.\" >&2\n    exit 1\nfi\n# This output is used by Xcode 'outputs' to avoid re-running this script phase.\necho \"SUCCESS\" > \"${SCRIPT_OUTPUT_FILE_0}\"\n";
			showEnvVarsInLog = 0;
		};
/* End PBXShellScriptBuildPhase section */

/* Begin PBXSourcesBuildPhase section */
		52A423C3285119D9007549BB /* Sources */ = {
			isa = PBXSourcesBuildPhase;
			buildActionMask = 2147483647;
			files = (
				52A423F12851E245007549BB /* Observable.swift in Sources */,
				52A423E528512C02007549BB /* StringConstants.swift in Sources */,
				52A423E828512E42007549BB /* QueueConfig.swift in Sources */,
				BE4CDDDC285342FE006AB129 /* BaseTabbarViewController.swift in Sources */,
				BE4CDDD3285342A6006AB129 /* HomeViewController.swift in Sources */,
				BE1427132857B42E006E5240 /* HomeViewModel.swift in Sources */,
				52A423F82851E2A9007549BB /* RegistrationCoordinator.swift in Sources */,
				BE4CDDA02853046B006AB129 /* NetworkManager.swift in Sources */,
				BE14271A2857B986006E5240 /* HomeService.swift in Sources */,
				BE4CDDC828532EFE006AB129 /* OtpVerificationViewController.swift in Sources */,
				52A423F42851E28D007549BB /* RegistrationViewController.swift in Sources */,
				52A423F62851E29E007549BB /* RegistrationViewModel.swift in Sources */,
				BE4CDDEF28534605006AB129 /* AccountViewController.swift in Sources */,
				BE4CDDEC285345F1006AB129 /* OrdersViewController.swift in Sources */,
				BE4CDDC128532A6A006AB129 /* FirebaseService.swift in Sources */,
				BE4CDDA22853048C006AB129 /* URLConfig.swift in Sources */,
				BE4CDDE7285345DF006AB129 /* CartViewController.swift in Sources */,
				52A423E228512B04007549BB /* UIViewExtensions.swift in Sources */,
				BE4CDDCD28533485006AB129 /* OtpVerificationViewModel.swift in Sources */,
				BE4CDDCB28533474006AB129 /* OtpValidationCoordinator.swift in Sources */,
				BE1427172857B541006E5240 /* AlertServices.swift in Sources */,
				52A423CB285119D9007549BB /* AppDelegate.swift in Sources */,
				BE1427152857B4EB006E5240 /* LocationManager.swift in Sources */,
				BE14271E28585BCD006E5240 /* HomeChefTableViewCell.swift in Sources */,
				52A423EA28512EB5007549BB /* ColorConfig.swift in Sources */,
				BE4CDDE1285344D8006AB129 /* BaseTabbarCoordinator.swift in Sources */,
				52A423F02851E245007549BB /* Coordinator.swift in Sources */,
			);
			runOnlyForDeploymentPostprocessing = 0;
		};
/* End PBXSourcesBuildPhase section */

/* Begin PBXVariantGroup section */
		52A423D5285119DF007549BB /* LaunchScreen.storyboard */ = {
			isa = PBXVariantGroup;
			children = (
				52A423D6285119DF007549BB /* Base */,
			);
			name = LaunchScreen.storyboard;
			sourceTree = "<group>";
		};
/* End PBXVariantGroup section */

/* Begin XCBuildConfiguration section */
		52A423D9285119E0007549BB /* Debug */ = {
			isa = XCBuildConfiguration;
			buildSettings = {
				ALWAYS_SEARCH_USER_PATHS = NO;
				CLANG_ANALYZER_NONNULL = YES;
				CLANG_ANALYZER_NUMBER_OBJECT_CONVERSION = YES_AGGRESSIVE;
				CLANG_CXX_LANGUAGE_STANDARD = "gnu++17";
				CLANG_ENABLE_MODULES = YES;
				CLANG_ENABLE_OBJC_ARC = YES;
				CLANG_ENABLE_OBJC_WEAK = YES;
				CLANG_WARN_BLOCK_CAPTURE_AUTORELEASING = YES;
				CLANG_WARN_BOOL_CONVERSION = YES;
				CLANG_WARN_COMMA = YES;
				CLANG_WARN_CONSTANT_CONVERSION = YES;
				CLANG_WARN_DEPRECATED_OBJC_IMPLEMENTATIONS = YES;
				CLANG_WARN_DIRECT_OBJC_ISA_USAGE = YES_ERROR;
				CLANG_WARN_DOCUMENTATION_COMMENTS = YES;
				CLANG_WARN_EMPTY_BODY = YES;
				CLANG_WARN_ENUM_CONVERSION = YES;
				CLANG_WARN_INFINITE_RECURSION = YES;
				CLANG_WARN_INT_CONVERSION = YES;
				CLANG_WARN_NON_LITERAL_NULL_CONVERSION = YES;
				CLANG_WARN_OBJC_IMPLICIT_RETAIN_SELF = YES;
				CLANG_WARN_OBJC_LITERAL_CONVERSION = YES;
				CLANG_WARN_OBJC_ROOT_CLASS = YES_ERROR;
				CLANG_WARN_QUOTED_INCLUDE_IN_FRAMEWORK_HEADER = YES;
				CLANG_WARN_RANGE_LOOP_ANALYSIS = YES;
				CLANG_WARN_STRICT_PROTOTYPES = YES;
				CLANG_WARN_SUSPICIOUS_MOVE = YES;
				CLANG_WARN_UNGUARDED_AVAILABILITY = YES_AGGRESSIVE;
				CLANG_WARN_UNREACHABLE_CODE = YES;
				CLANG_WARN__DUPLICATE_METHOD_MATCH = YES;
				COPY_PHASE_STRIP = NO;
				DEBUG_INFORMATION_FORMAT = dwarf;
				ENABLE_STRICT_OBJC_MSGSEND = YES;
				ENABLE_TESTABILITY = YES;
				GCC_C_LANGUAGE_STANDARD = gnu11;
				GCC_DYNAMIC_NO_PIC = NO;
				GCC_NO_COMMON_BLOCKS = YES;
				GCC_OPTIMIZATION_LEVEL = 0;
				GCC_PREPROCESSOR_DEFINITIONS = (
					"DEBUG=1",
					"$(inherited)",
				);
				GCC_WARN_64_TO_32_BIT_CONVERSION = YES;
				GCC_WARN_ABOUT_RETURN_TYPE = YES_ERROR;
				GCC_WARN_UNDECLARED_SELECTOR = YES;
				GCC_WARN_UNINITIALIZED_AUTOS = YES_AGGRESSIVE;
				GCC_WARN_UNUSED_FUNCTION = YES;
				GCC_WARN_UNUSED_VARIABLE = YES;
				IPHONEOS_DEPLOYMENT_TARGET = 15.4;
				MTL_ENABLE_DEBUG_INFO = INCLUDE_SOURCE;
				MTL_FAST_MATH = YES;
				ONLY_ACTIVE_ARCH = YES;
				SDKROOT = iphoneos;
				SWIFT_ACTIVE_COMPILATION_CONDITIONS = DEBUG;
				SWIFT_OPTIMIZATION_LEVEL = "-Onone";
			};
			name = Debug;
		};
		52A423DA285119E0007549BB /* Release */ = {
			isa = XCBuildConfiguration;
			buildSettings = {
				ALWAYS_SEARCH_USER_PATHS = NO;
				CLANG_ANALYZER_NONNULL = YES;
				CLANG_ANALYZER_NUMBER_OBJECT_CONVERSION = YES_AGGRESSIVE;
				CLANG_CXX_LANGUAGE_STANDARD = "gnu++17";
				CLANG_ENABLE_MODULES = YES;
				CLANG_ENABLE_OBJC_ARC = YES;
				CLANG_ENABLE_OBJC_WEAK = YES;
				CLANG_WARN_BLOCK_CAPTURE_AUTORELEASING = YES;
				CLANG_WARN_BOOL_CONVERSION = YES;
				CLANG_WARN_COMMA = YES;
				CLANG_WARN_CONSTANT_CONVERSION = YES;
				CLANG_WARN_DEPRECATED_OBJC_IMPLEMENTATIONS = YES;
				CLANG_WARN_DIRECT_OBJC_ISA_USAGE = YES_ERROR;
				CLANG_WARN_DOCUMENTATION_COMMENTS = YES;
				CLANG_WARN_EMPTY_BODY = YES;
				CLANG_WARN_ENUM_CONVERSION = YES;
				CLANG_WARN_INFINITE_RECURSION = YES;
				CLANG_WARN_INT_CONVERSION = YES;
				CLANG_WARN_NON_LITERAL_NULL_CONVERSION = YES;
				CLANG_WARN_OBJC_IMPLICIT_RETAIN_SELF = YES;
				CLANG_WARN_OBJC_LITERAL_CONVERSION = YES;
				CLANG_WARN_OBJC_ROOT_CLASS = YES_ERROR;
				CLANG_WARN_QUOTED_INCLUDE_IN_FRAMEWORK_HEADER = YES;
				CLANG_WARN_RANGE_LOOP_ANALYSIS = YES;
				CLANG_WARN_STRICT_PROTOTYPES = YES;
				CLANG_WARN_SUSPICIOUS_MOVE = YES;
				CLANG_WARN_UNGUARDED_AVAILABILITY = YES_AGGRESSIVE;
				CLANG_WARN_UNREACHABLE_CODE = YES;
				CLANG_WARN__DUPLICATE_METHOD_MATCH = YES;
				COPY_PHASE_STRIP = NO;
				DEBUG_INFORMATION_FORMAT = "dwarf-with-dsym";
				ENABLE_NS_ASSERTIONS = NO;
				ENABLE_STRICT_OBJC_MSGSEND = YES;
				GCC_C_LANGUAGE_STANDARD = gnu11;
				GCC_NO_COMMON_BLOCKS = YES;
				GCC_WARN_64_TO_32_BIT_CONVERSION = YES;
				GCC_WARN_ABOUT_RETURN_TYPE = YES_ERROR;
				GCC_WARN_UNDECLARED_SELECTOR = YES;
				GCC_WARN_UNINITIALIZED_AUTOS = YES_AGGRESSIVE;
				GCC_WARN_UNUSED_FUNCTION = YES;
				GCC_WARN_UNUSED_VARIABLE = YES;
				IPHONEOS_DEPLOYMENT_TARGET = 15.4;
				MTL_ENABLE_DEBUG_INFO = NO;
				MTL_FAST_MATH = YES;
				SDKROOT = iphoneos;
				SWIFT_COMPILATION_MODE = wholemodule;
				SWIFT_OPTIMIZATION_LEVEL = "-O";
				VALIDATE_PRODUCT = YES;
			};
			name = Release;
		};
		52A423DC285119E0007549BB /* Debug */ = {
			isa = XCBuildConfiguration;
			baseConfigurationReference = 9657F1065D38354F9BC79120 /* Pods-Sharemil.debug.xcconfig */;
			buildSettings = {
				ASSETCATALOG_COMPILER_APPICON_NAME = AppIcon;
				ASSETCATALOG_COMPILER_GLOBAL_ACCENT_COLOR_NAME = AccentColor;
				CODE_SIGN_IDENTITY = "Apple Development";
				CODE_SIGN_STYLE = Automatic;
				CURRENT_PROJECT_VERSION = 3;
				DEVELOPMENT_TEAM = E93436VDRS;
				GENERATE_INFOPLIST_FILE = YES;
				INFOPLIST_FILE = Sharemil/Info.plist;
				INFOPLIST_KEY_NSCameraUsageDescription = "To scan cards";
				INFOPLIST_KEY_UIApplicationSupportsIndirectInputEvents = YES;
				INFOPLIST_KEY_UILaunchStoryboardName = LaunchScreen;
				INFOPLIST_KEY_UIMainStoryboardFile = Registration;
				INFOPLIST_KEY_UISupportedInterfaceOrientations_iPad = "UIInterfaceOrientationPortrait UIInterfaceOrientationPortraitUpsideDown UIInterfaceOrientationLandscapeLeft UIInterfaceOrientationLandscapeRight";
				INFOPLIST_KEY_UISupportedInterfaceOrientations_iPhone = "UIInterfaceOrientationPortrait UIInterfaceOrientationLandscapeLeft UIInterfaceOrientationLandscapeRight";
				LD_RUNPATH_SEARCH_PATHS = (
					"$(inherited)",
					"@executable_path/Frameworks",
				);
				MARKETING_VERSION = 0.1.0;
				PRODUCT_BUNDLE_IDENTIFIER = com.shares.sharemil;
				PRODUCT_NAME = "$(TARGET_NAME)";
				PROVISIONING_PROFILE_SPECIFIER = "";
				SWIFT_EMIT_LOC_STRINGS = YES;
				SWIFT_VERSION = 5.0;
				TARGETED_DEVICE_FAMILY = "1,2";
			};
			name = Debug;
		};
		52A423DD285119E0007549BB /* Release */ = {
			isa = XCBuildConfiguration;
			baseConfigurationReference = 3F25767DDDBA81A0903B7CE3 /* Pods-Sharemil.release.xcconfig */;
			buildSettings = {
				ASSETCATALOG_COMPILER_APPICON_NAME = AppIcon;
				ASSETCATALOG_COMPILER_GLOBAL_ACCENT_COLOR_NAME = AccentColor;
				CODE_SIGN_STYLE = Automatic;
				CURRENT_PROJECT_VERSION = 3;
				DEVELOPMENT_TEAM = E93436VDRS;
				GENERATE_INFOPLIST_FILE = YES;
				INFOPLIST_FILE = Sharemil/Info.plist;
				INFOPLIST_KEY_NSCameraUsageDescription = "To scan cards";
				INFOPLIST_KEY_UIApplicationSupportsIndirectInputEvents = YES;
				INFOPLIST_KEY_UILaunchStoryboardName = LaunchScreen;
				INFOPLIST_KEY_UIMainStoryboardFile = Registration;
				INFOPLIST_KEY_UISupportedInterfaceOrientations_iPad = "UIInterfaceOrientationPortrait UIInterfaceOrientationPortraitUpsideDown UIInterfaceOrientationLandscapeLeft UIInterfaceOrientationLandscapeRight";
				INFOPLIST_KEY_UISupportedInterfaceOrientations_iPhone = "UIInterfaceOrientationPortrait UIInterfaceOrientationLandscapeLeft UIInterfaceOrientationLandscapeRight";
				LD_RUNPATH_SEARCH_PATHS = (
					"$(inherited)",
					"@executable_path/Frameworks",
				);
				MARKETING_VERSION = 0.1.0;
				PRODUCT_BUNDLE_IDENTIFIER = com.shares.sharemil;
				PRODUCT_NAME = "$(TARGET_NAME)";
				SWIFT_EMIT_LOC_STRINGS = YES;
				SWIFT_VERSION = 5.0;
				TARGETED_DEVICE_FAMILY = "1,2";
			};
			name = Release;
		};
/* End XCBuildConfiguration section */

/* Begin XCConfigurationList section */
		52A423C2285119D9007549BB /* Build configuration list for PBXProject "Sharemil" */ = {
			isa = XCConfigurationList;
			buildConfigurations = (
				52A423D9285119E0007549BB /* Debug */,
				52A423DA285119E0007549BB /* Release */,
			);
			defaultConfigurationIsVisible = 0;
			defaultConfigurationName = Release;
		};
		52A423DB285119E0007549BB /* Build configuration list for PBXNativeTarget "Sharemil" */ = {
			isa = XCConfigurationList;
			buildConfigurations = (
				52A423DC285119E0007549BB /* Debug */,
				52A423DD285119E0007549BB /* Release */,
			);
			defaultConfigurationIsVisible = 0;
			defaultConfigurationName = Release;
		};
/* End XCConfigurationList section */

/* Begin XCRemoteSwiftPackageReference section */
		BE4CDDF228534F97006AB129 /* XCRemoteSwiftPackageReference "GoogleSignIn-iOS" */ = {
			isa = XCRemoteSwiftPackageReference;
			repositoryURL = "https://github.com/google/GoogleSignIn-iOS.git";
			requirement = {
				branch = main;
				kind = branch;
			};
		};
/* End XCRemoteSwiftPackageReference section */

/* Begin XCSwiftPackageProductDependency section */
		BE4CDDF328534F97006AB129 /* GoogleSignIn */ = {
			isa = XCSwiftPackageProductDependency;
			package = BE4CDDF228534F97006AB129 /* XCRemoteSwiftPackageReference "GoogleSignIn-iOS" */;
			productName = GoogleSignIn;
		};
		BE4CDDF528534F97006AB129 /* GoogleSignInSwift */ = {
			isa = XCSwiftPackageProductDependency;
			package = BE4CDDF228534F97006AB129 /* XCRemoteSwiftPackageReference "GoogleSignIn-iOS" */;
			productName = GoogleSignInSwift;
		};
/* End XCSwiftPackageProductDependency section */
	};
	rootObject = 52A423BF285119D9007549BB /* Project object */;
}
